
Microsoft Visual Studio Solution File, Format Version 12.00
# Visual Studio Version 17
VisualStudioVersion = 17.3.32825.248
MinimumVisualStudioVersion = 10.0.40219.1
Project("{9A19103F-16F7-4668-BE54-9A1E7A4F7556}") = "WebApiMono", "WebApiMono\WebApiMono.csproj", "{7CD05575-5DAF-4554-90B5-063344F5AA4A}"
EndProject
Project("{9A19103F-16F7-4668-BE54-9A1E7A4F7556}") = "DataAccess", "DataAccess\DataAccess.csproj", "{7A362C22-2DC9-4BBB-BF23-267921477FBC}"
EndProject
Project("{9A19103F-16F7-4668-BE54-9A1E7A4F7556}") = "BusinessLogic", "BusinessLogic\BusinessLogic.csproj", "{97C1E862-D4DA-4BE1-AE39-97D4A3C08475}"
EndProject
Global
	GlobalSection(SolutionConfigurationPlatforms) = preSolution
		Debug|Any CPU = Debug|Any CPU
		Release|Any CPU = Release|Any CPU
	EndGlobalSection
	GlobalSection(ProjectConfigurationPlatforms) = postSolution
		{7CD05575-5DAF-4554-90B5-063344F5AA4A}.Debug|Any CPU.ActiveCfg = Debug|Any CPU
		{7CD05575-5DAF-4554-90B5-063344F5AA4A}.Debug|Any CPU.Build.0 = Debug|Any CPU
		{7CD05575-5DAF-4554-90B5-063344F5AA4A}.Release|Any CPU.ActiveCfg = Release|Any CPU
		{7CD05575-5DAF-4554-90B5-063344F5AA4A}.Release|Any CPU.Build.0 = Release|Any CPU
		{7A362C22-2DC9-4BBB-BF23-267921477FBC}.Debug|Any CPU.ActiveCfg = Debug|Any CPU
		{7A362C22-2DC9-4BBB-BF23-267921477FBC}.Debug|Any CPU.Build.0 = Debug|Any CPU
		{7A362C22-2DC9-4BBB-BF23-267921477FBC}.Release|Any CPU.ActiveCfg = Release|Any CPU
		{7A362C22-2DC9-4BBB-BF23-267921477FBC}.Release|Any CPU.Build.0 = Release|Any CPU
		{97C1E862-D4DA-4BE1-AE39-97D4A3C08475}.Debug|Any CPU.ActiveCfg = Debug|Any CPU
		{97C1E862-D4DA-4BE1-AE39-97D4A3C08475}.Debug|Any CPU.Build.0 = Debug|Any CPU
		{97C1E862-D4DA-4BE1-AE39-97D4A3C08475}.Release|Any CPU.ActiveCfg = Release|Any CPU
		{97C1E862-D4DA-4BE1-AE39-97D4A3C08475}.Release|Any CPU.Build.0 = Release|Any CPU
	EndGlobalSection
	GlobalSection(SolutionProperties) = preSolution
		HideSolutionNode = FALSE
	EndGlobalSection
	GlobalSection(ExtensibilityGlobals) = postSolution
		SolutionGuid = {D6E9F964-E36C-42A2-9B01-5B8EC440B1E9}
	EndGlobalSection
EndGlobal
